// !$*UTF8*$!
{
	archiveVersion = 1;
	classes = {
	};
	objectVersion = 56;
	objects = {

/* Begin PBXBuildFile section */
		66AB6DDE2C5A36FC00961A35 /* test_demo5App.swift in Sources */ = {isa = PBXBuildFile; fileRef = 66AB6DDD2C5A36FC00961A35 /* test_demo5App.swift */; };
		66AB6DE02C5A36FC00961A35 /* ContentView.swift in Sources */ = {isa = PBXBuildFile; fileRef = 66AB6DDF2C5A36FC00961A35 /* ContentView.swift */; };
		66AB6DE22C5A36FD00961A35 /* Assets.xcassets in Resources */ = {isa = PBXBuildFile; fileRef = 66AB6DE12C5A36FD00961A35 /* Assets.xcassets */; };
		66AB6DE62C5A36FD00961A35 /* Preview Assets.xcassets in Resources */ = {isa = PBXBuildFile; fileRef = 66AB6DE52C5A36FD00961A35 /* Preview Assets.xcassets */; };
		66AB6DF02C5A36FD00961A35 /* test_demo5Tests.swift in Sources */ = {isa = PBXBuildFile; fileRef = 66AB6DEF2C5A36FD00961A35 /* test_demo5Tests.swift */; };
		66AB6DFA2C5A36FD00961A35 /* test_demo5UITests.swift in Sources */ = {isa = PBXBuildFile; fileRef = 66AB6DF92C5A36FD00961A35 /* test_demo5UITests.swift */; };
		66AB6DFC2C5A36FD00961A35 /* test_demo5UITestsLaunchTests.swift in Sources */ = {isa = PBXBuildFile; fileRef = 66AB6DFB2C5A36FD00961A35 /* test_demo5UITestsLaunchTests.swift */; };
/* End PBXBuildFile section */

/* Begin PBXContainerItemProxy section */
		66AB6DEC2C5A36FD00961A35 /* PBXContainerItemProxy */ = {
			isa = PBXContainerItemProxy;
			containerPortal = 66AB6DD22C5A36FC00961A35 /* Project object */;
			proxyType = 1;
			remoteGlobalIDString = 66AB6DD92C5A36FC00961A35;
			remoteInfo = "test demo5";
		};
		66AB6DF62C5A36FD00961A35 /* PBXContainerItemProxy */ = {
			isa = PBXContainerItemProxy;
			containerPortal = 66AB6DD22C5A36FC00961A35 /* Project object */;
			proxyType = 1;
			remoteGlobalIDString = 66AB6DD92C5A36FC00961A35;
			remoteInfo = "test demo5";
		};
/* End PBXContainerItemProxy section */

/* Begin PBXFileReference section */
		66AB6DDA2C5A36FC00961A35 /* test demo5.app */ = {isa = PBXFileReference; explicitFileType = wrapper.application; includeInIndex = 0; path = "test demo5.app"; sourceTree = BUILT_PRODUCTS_DIR; };
		66AB6DDD2C5A36FC00961A35 /* test_demo5App.swift */ = {isa = PBXFileReference; lastKnownFileType = sourcecode.swift; path = test_demo5App.swift; sourceTree = "<group>"; };
		66AB6DDF2C5A36FC00961A35 /* ContentView.swift */ = {isa = PBXFileReference; lastKnownFileType = sourcecode.swift; path = ContentView.swift; sourceTree = "<group>"; };
		66AB6DE12C5A36FD00961A35 /* Assets.xcassets */ = {isa = PBXFileReference; lastKnownFileType = folder.assetcatalog; path = Assets.xcassets; sourceTree = "<group>"; };
		66AB6DE32C5A36FD00961A35 /* test_demo5.entitlements */ = {isa = PBXFileReference; lastKnownFileType = text.plist.entitlements; path = test_demo5.entitlements; sourceTree = "<group>"; };
		66AB6DE52C5A36FD00961A35 /* Preview Assets.xcassets */ = {isa = PBXFileReference; lastKnownFileType = folder.assetcatalog; path = "Preview Assets.xcassets"; sourceTree = "<group>"; };
		66AB6DEB2C5A36FD00961A35 /* test demo5Tests.xctest */ = {isa = PBXFileReference; explicitFileType = wrapper.cfbundle; includeInIndex = 0; path = "test demo5Tests.xctest"; sourceTree = BUILT_PRODUCTS_DIR; };
		66AB6DEF2C5A36FD00961A35 /* test_demo5Tests.swift */ = {isa = PBXFileReference; lastKnownFileType = sourcecode.swift; path = test_demo5Tests.swift; sourceTree = "<group>"; };
		66AB6DF52C5A36FD00961A35 /* test demo5UITests.xctest */ = {isa = PBXFileReference; explicitFileType = wrapper.cfbundle; includeInIndex = 0; path = "test demo5UITests.xctest"; sourceTree = BUILT_PRODUCTS_DIR; };
		66AB6DF92C5A36FD00961A35 /* test_demo5UITests.swift */ = {isa = PBXFileReference; lastKnownFileType = sourcecode.swift; path = test_demo5UITests.swift; sourceTree = "<group>"; };
		66AB6DFB2C5A36FD00961A35 /* test_demo5UITestsLaunchTests.swift */ = {isa = PBXFileReference; lastKnownFileType = sourcecode.swift; path = test_demo5UITestsLaunchTests.swift; sourceTree = "<group>"; };
/* End PBXFileReference section */

/* Begin PBXFrameworksBuildPhase section */
		66AB6DD72C5A36FC00961A35 /* Frameworks */ = {
			isa = PBXFrameworksBuildPhase;
			buildActionMask = 2147483647;
			files = (
			);
			runOnlyForDeploymentPostprocessing = 0;
		};
		66AB6DE82C5A36FD00961A35 /* Frameworks */ = {
			isa = PBXFrameworksBuildPhase;
			buildActionMask = 2147483647;
			files = (
			);
			runOnlyForDeploymentPostprocessing = 0;
		};
		66AB6DF22C5A36FD00961A35 /* Frameworks */ = {
			isa = PBXFrameworksBuildPhase;
			buildActionMask = 2147483647;
			files = (
			);
			runOnlyForDeploymentPostprocessing = 0;
		};
/* End PBXFrameworksBuildPhase section */

/* Begin PBXGroup section */
		66AB6DD12C5A36FC00961A35 = {
			isa = PBXGroup;
			children = (
				66AB6DDC2C5A36FC00961A35 /* test demo5 */,
				66AB6DEE2C5A36FD00961A35 /* test demo5Tests */,
				66AB6DF82C5A36FD00961A35 /* test demo5UITests */,
				66AB6DDB2C5A36FC00961A35 /* Products */,
			);
			sourceTree = "<group>";
		};
		66AB6DDB2C5A36FC00961A35 /* Products */ = {
			isa = PBXGroup;
			children = (
				66AB6DDA2C5A36FC00961A35 /* test demo5.app */,
				66AB6DEB2C5A36FD00961A35 /* test demo5Tests.xctest */,
				66AB6DF52C5A36FD00961A35 /* test demo5UITests.xctest */,
			);
			name = Products;
			sourceTree = "<group>";
		};
		66AB6DDC2C5A36FC00961A35 /* test demo5 */ = {
			isa = PBXGroup;
			children = (
				66AB6DDD2C5A36FC00961A35 /* test_demo5App.swift */,
				66AB6DDF2C5A36FC00961A35 /* ContentView.swift */,
				66AB6DE12C5A36FD00961A35 /* Assets.xcassets */,
				66AB6DE32C5A36FD00961A35 /* test_demo5.entitlements */,
				66AB6DE42C5A36FD00961A35 /* Preview Content */,
			);
			path = "test demo5";
			sourceTree = "<group>";
		};
		66AB6DE42C5A36FD00961A35 /* Preview Content */ = {
			isa = PBXGroup;
			children = (
				66AB6DE52C5A36FD00961A35 /* Preview Assets.xcassets */,
			);
			path = "Preview Content";
			sourceTree = "<group>";
		};
		66AB6DEE2C5A36FD00961A35 /* test demo5Tests */ = {
			isa = PBXGroup;
			children = (
				66AB6DEF2C5A36FD00961A35 /* test_demo5Tests.swift */,
			);
			path = "test demo5Tests";
			sourceTree = "<group>";
		};
		66AB6DF82C5A36FD00961A35 /* test demo5UITests */ = {
			isa = PBXGroup;
			children = (
				66AB6DF92C5A36FD00961A35 /* test_demo5UITests.swift */,
				66AB6DFB2C5A36FD00961A35 /* test_demo5UITestsLaunchTests.swift */,
			);
			path = "test demo5UITests";
			sourceTree = "<group>";
		};
/* End PBXGroup section */

/* Begin PBXNativeTarget section */
		66AB6DD92C5A36FC00961A35 /* test demo5 */ = {
			isa = PBXNativeTarget;
			buildConfigurationList = 66AB6DFF2C5A36FD00961A35 /* Build configuration list for PBXNativeTarget "test demo5" */;
			buildPhases = (
				66AB6DD62C5A36FC00961A35 /* Sources */,
				66AB6DD72C5A36FC00961A35 /* Frameworks */,
				66AB6DD82C5A36FC00961A35 /* Resources */,
			);
			buildRules = (
			);
			dependencies = (
			);
			name = "test demo5";
			productName = "test demo5";
			productReference = 66AB6DDA2C5A36FC00961A35 /* test demo5.app */;
			productType = "com.apple.product-type.application";
		};
		66AB6DEA2C5A36FD00961A35 /* test demo5Tests */ = {
			isa = PBXNativeTarget;
			buildConfigurationList = 66AB6E022C5A36FD00961A35 /* Build configuration list for PBXNativeTarget "test demo5Tests" */;
			buildPhases = (
				66AB6DE72C5A36FD00961A35 /* Sources */,
				66AB6DE82C5A36FD00961A35 /* Frameworks */,
				66AB6DE92C5A36FD00961A35 /* Resources */,
			);
			buildRules = (
			);
			dependencies = (
				66AB6DED2C5A36FD00961A35 /* PBXTargetDependency */,
			);
			name = "test demo5Tests";
			productName = "test demo5Tests";
			productReference = 66AB6DEB2C5A36FD00961A35 /* test demo5Tests.xctest */;
			productType = "com.apple.product-type.bundle.unit-test";
		};
		66AB6DF42C5A36FD00961A35 /* test demo5UITests */ = {
			isa = PBXNativeTarget;
			buildConfigurationList = 66AB6E052C5A36FD00961A35 /* Build configuration list for PBXNativeTarget "test demo5UITests" */;
			buildPhases = (
				66AB6DF12C5A36FD00961A35 /* Sources */,
				66AB6DF22C5A36FD00961A35 /* Frameworks */,
				66AB6DF32C5A36FD00961A35 /* Resources */,
			);
			buildRules = (
			);
			dependencies = (
				66AB6DF72C5A36FD00961A35 /* PBXTargetDependency */,
			);
			name = "test demo5UITests";
			productName = "test demo5UITests";
			productReference = 66AB6DF52C5A36FD00961A35 /* test demo5UITests.xctest */;
			productType = "com.apple.product-type.bundle.ui-testing";
		};
/* End PBXNativeTarget section */

/* Begin PBXProject section */
		66AB6DD22C5A36FC00961A35 /* Project object */ = {
			isa = PBXProject;
			attributes = {
				BuildIndependentTargetsInParallel = 1;
				LastSwiftUpdateCheck = 1540;
				LastUpgradeCheck = 1540;
				TargetAttributes = {
					66AB6DD92C5A36FC00961A35 = {
						CreatedOnToolsVersion = 15.4;
					};
					66AB6DEA2C5A36FD00961A35 = {
						CreatedOnToolsVersion = 15.4;
						TestTargetID = 66AB6DD92C5A36FC00961A35;
					};
					66AB6DF42C5A36FD00961A35 = {
						CreatedOnToolsVersion = 15.4;
						TestTargetID = 66AB6DD92C5A36FC00961A35;
					};
				};
			};
			buildConfigurationList = 66AB6DD52C5A36FC00961A35 /* Build configuration list for PBXProject "test demo5" */;
			compatibilityVersion = "Xcode 14.0";
			developmentRegion = en;
			hasScannedForEncodings = 0;
			knownRegions = (
				en,
				Base,
			);
			mainGroup = 66AB6DD12C5A36FC00961A35;
			productRefGroup = 66AB6DDB2C5A36FC00961A35 /* Products */;
			projectDirPath = "";
			projectRoot = "";
			targets = (
				66AB6DD92C5A36FC00961A35 /* test demo5 */,
				66AB6DEA2C5A36FD00961A35 /* test demo5Tests */,
				66AB6DF42C5A36FD00961A35 /* test demo5UITests */,
			);
		};
/* End PBXProject section */

/* Begin PBXResourcesBuildPhase section */
		66AB6DD82C5A36FC00961A35 /* Resources */ = {
			isa = PBXResourcesBuildPhase;
			buildActionMask = 2147483647;
			files = (
				66AB6DE62C5A36FD00961A35 /* Preview Assets.xcassets in Resources */,
				66AB6DE22C5A36FD00961A35 /* Assets.xcassets in Resources */,
			);
			runOnlyForDeploymentPostprocessing = 0;
		};
		66AB6DE92C5A36FD00961A35 /* Resources */ = {
			isa = PBXResourcesBuildPhase;
			buildActionMask = 2147483647;
			files = (
			);
			runOnlyForDeploymentPostprocessing = 0;
		};
		66AB6DF32C5A36FD00961A35 /* Resources */ = {
			isa = PBXResourcesBuildPhase;
			buildActionMask = 2147483647;
			files = (
			);
			runOnlyForDeploymentPostprocessing = 0;
		};
/* End PBXResourcesBuildPhase section */

/* Begin PBXSourcesBuildPhase section */
		66AB6DD62C5A36FC00961A35 /* Sources */ = {
			isa = PBXSourcesBuildPhase;
			buildActionMask = 2147483647;
			files = (
				66AB6DE02C5A36FC00961A35 /* ContentView.swift in Sources */,
				66AB6DDE2C5A36FC00961A35 /* test_demo5App.swift in Sources */,
			);
			runOnlyForDeploymentPostprocessing = 0;
		};
		66AB6DE72C5A36FD00961A35 /* Sources */ = {
			isa = PBXSourcesBuildPhase;
			buildActionMask = 2147483647;
			files = (
				66AB6DF02C5A36FD00961A35 /* test_demo5Tests.swift in Sources */,
			);
			runOnlyForDeploymentPostprocessing = 0;
		};
		66AB6DF12C5A36FD00961A35 /* Sources */ = {
			isa = PBXSourcesBuildPhase;
			buildActionMask = 2147483647;
			files = (
				66AB6DFA2C5A36FD00961A35 /* test_demo5UITests.swift in Sources */,
				66AB6DFC2C5A36FD00961A35 /* test_demo5UITestsLaunchTests.swift in Sources */,
			);
			runOnlyForDeploymentPostprocessing = 0;
		};
/* End PBXSourcesBuildPhase section */

/* Begin PBXTargetDependency section */
		66AB6DED2C5A36FD00961A35 /* PBXTargetDependency */ = {
			isa = PBXTargetDependency;
			target = 66AB6DD92C5A36FC00961A35 /* test demo5 */;
			targetProxy = 66AB6DEC2C5A36FD00961A35 /* PBXContainerItemProxy */;
		};
		66AB6DF72C5A36FD00961A35 /* PBXTargetDependency */ = {
			isa = PBXTargetDependency;
			target = 66AB6DD92C5A36FC00961A35 /* test demo5 */;
			targetProxy = 66AB6DF62C5A36FD00961A35 /* PBXContainerItemProxy */;
		};
/* End PBXTargetDependency section */

/* Begin XCBuildConfiguration section */
		66AB6DFD2C5A36FD00961A35 /* Debug */ = {
			isa = XCBuildConfiguration;
			buildSettings = {
				ALWAYS_SEARCH_USER_PATHS = NO;
				ASSETCATALOG_COMPILER_GENERATE_SWIFT_ASSET_SYMBOL_EXTENSIONS = YES;
				CLANG_ANALYZER_NONNULL = YES;
				CLANG_ANALYZER_NUMBER_OBJECT_CONVERSION = YES_AGGRESSIVE;
				CLANG_CXX_LANGUAGE_STANDARD = "gnu++20";
				CLANG_ENABLE_MODULES = YES;
				CLANG_ENABLE_OBJC_ARC = YES;
				CLANG_ENABLE_OBJC_WEAK = YES;
				CLANG_WARN_BLOCK_CAPTURE_AUTORELEASING = YES;
				CLANG_WARN_BOOL_CONVERSION = YES;
				CLANG_WARN_COMMA = YES;
				CLANG_WARN_CONSTANT_CONVERSION = YES;
				CLANG_WARN_DEPRECATED_OBJC_IMPLEMENTATIONS = YES;
				CLANG_WARN_DIRECT_OBJC_ISA_USAGE = YES_ERROR;
				CLANG_WARN_DOCUMENTATION_COMMENTS = YES;
				CLANG_WARN_EMPTY_BODY = YES;
				CLANG_WARN_ENUM_CONVERSION = YES;
				CLANG_WARN_INFINITE_RECURSION = YES;
				CLANG_WARN_INT_CONVERSION = YES;
				CLANG_WARN_NON_LITERAL_NULL_CONVERSION = YES;
				CLANG_WARN_OBJC_IMPLICIT_RETAIN_SELF = YES;
				CLANG_WARN_OBJC_LITERAL_CONVERSION = YES;
				CLANG_WARN_OBJC_ROOT_CLASS = YES_ERROR;
				CLANG_WARN_QUOTED_INCLUDE_IN_FRAMEWORK_HEADER = YES;
				CLANG_WARN_RANGE_LOOP_ANALYSIS = YES;
				CLANG_WARN_STRICT_PROTOTYPES = YES;
				CLANG_WARN_SUSPICIOUS_MOVE = YES;
				CLANG_WARN_UNGUARDED_AVAILABILITY = YES_AGGRESSIVE;
				CLANG_WARN_UNREACHABLE_CODE = YES;
				CLANG_WARN__DUPLICATE_METHOD_MATCH = YES;
				COPY_PHASE_STRIP = NO;
				DEBUG_INFORMATION_FORMAT = dwarf;
				ENABLE_STRICT_OBJC_MSGSEND = YES;
				ENABLE_TESTABILITY = YES;
				ENABLE_USER_SCRIPT_SANDBOXING = YES;
				GCC_C_LANGUAGE_STANDARD = gnu17;
				GCC_DYNAMIC_NO_PIC = NO;
				GCC_NO_COMMON_BLOCKS = YES;
				GCC_OPTIMIZATION_LEVEL = 0;
				GCC_PREPROCESSOR_DEFINITIONS = (
					"DEBUG=1",
					"$(inherited)",
				);
				GCC_WARN_64_TO_32_BIT_CONVERSION = YES;
				GCC_WARN_ABOUT_RETURN_TYPE = YES_ERROR;
				GCC_WARN_UNDECLARED_SELECTOR = YES;
				GCC_WARN_UNINITIALIZED_AUTOS = YES_AGGRESSIVE;
				GCC_WARN_UNUSED_FUNCTION = YES;
				GCC_WARN_UNUSED_VARIABLE = YES;
				LOCALIZATION_PREFERS_STRING_CATALOGS = YES;
				MTL_ENABLE_DEBUG_INFO = INCLUDE_SOURCE;
				MTL_FAST_MATH = YES;
				ONLY_ACTIVE_ARCH = YES;
				SWIFT_ACTIVE_COMPILATION_CONDITIONS = "DEBUG $(inherited)";
				SWIFT_OPTIMIZATION_LEVEL = "-Onone";
			};
			name = Debug;
		};
		66AB6DFE2C5A36FD00961A35 /* Release */ = {
			isa = XCBuildConfiguration;
			buildSettings = {
				ALWAYS_SEARCH_USER_PATHS = NO;
				ASSETCATALOG_COMPILER_GENERATE_SWIFT_ASSET_SYMBOL_EXTENSIONS = YES;
				CLANG_ANALYZER_NONNULL = YES;
				CLANG_ANALYZER_NUMBER_OBJECT_CONVERSION = YES_AGGRESSIVE;
				CLANG_CXX_LANGUAGE_STANDARD = "gnu++20";
				CLANG_ENABLE_MODULES = YES;
				CLANG_ENABLE_OBJC_ARC = YES;
				CLANG_ENABLE_OBJC_WEAK = YES;
				CLANG_WARN_BLOCK_CAPTURE_AUTORELEASING = YES;
				CLANG_WARN_BOOL_CONVERSION = YES;
				CLANG_WARN_COMMA = YES;
				CLANG_WARN_CONSTANT_CONVERSION = YES;
				CLANG_WARN_DEPRECATED_OBJC_IMPLEMENTATIONS = YES;
				CLANG_WARN_DIRECT_OBJC_ISA_USAGE = YES_ERROR;
				CLANG_WARN_DOCUMENTATION_COMMENTS = YES;
				CLANG_WARN_EMPTY_BODY = YES;
				CLANG_WARN_ENUM_CONVERSION = YES;
				CLANG_WARN_INFINITE_RECURSION = YES;
				CLANG_WARN_INT_CONVERSION = YES;
				CLANG_WARN_NON_LITERAL_NULL_CONVERSION = YES;
				CLANG_WARN_OBJC_IMPLICIT_RETAIN_SELF = YES;
				CLANG_WARN_OBJC_LITERAL_CONVERSION = YES;
				CLANG_WARN_OBJC_ROOT_CLASS = YES_ERROR;
				CLANG_WARN_QUOTED_INCLUDE_IN_FRAMEWORK_HEADER = YES;
				CLANG_WARN_RANGE_LOOP_ANALYSIS = YES;
				CLANG_WARN_STRICT_PROTOTYPES = YES;
				CLANG_WARN_SUSPICIOUS_MOVE = YES;
				CLANG_WARN_UNGUARDED_AVAILABILITY = YES_AGGRESSIVE;
				CLANG_WARN_UNREACHABLE_CODE = YES;
				CLANG_WARN__DUPLICATE_METHOD_MATCH = YES;
				COPY_PHASE_STRIP = NO;
				DEBUG_INFORMATION_FORMAT = "dwarf-with-dsym";
				ENABLE_NS_ASSERTIONS = NO;
				ENABLE_STRICT_OBJC_MSGSEND = YES;
				ENABLE_USER_SCRIPT_SANDBOXING = YES;
				GCC_C_LANGUAGE_STANDARD = gnu17;
				GCC_NO_COMMON_BLOCKS = YES;
				GCC_WARN_64_TO_32_BIT_CONVERSION = YES;
				GCC_WARN_ABOUT_RETURN_TYPE = YES_ERROR;
				GCC_WARN_UNDECLARED_SELECTOR = YES;
				GCC_WARN_UNINITIALIZED_AUTOS = YES_AGGRESSIVE;
				GCC_WARN_UNUSED_FUNCTION = YES;
				GCC_WARN_UNUSED_VARIABLE = YES;
				LOCALIZATION_PREFERS_STRING_CATALOGS = YES;
				MTL_ENABLE_DEBUG_INFO = NO;
				MTL_FAST_MATH = YES;
				SWIFT_COMPILATION_MODE = wholemodule;
			};
			name = Release;
		};
		66AB6E002C5A36FD00961A35 /* Debug */ = {
			isa = XCBuildConfiguration;
			buildSettings = {
				ASSETCATALOG_COMPILER_APPICON_NAME = AppIcon;
				ASSETCATALOG_COMPILER_GLOBAL_ACCENT_COLOR_NAME = AccentColor;
				CODE_SIGN_ENTITLEMENTS = "test demo5/test_demo5.entitlements";
				CODE_SIGN_STYLE = Automatic;
				CURRENT_PROJECT_VERSION = 1;
				DEVELOPMENT_ASSET_PATHS = "\"test demo5/Preview Content\"";
				DEVELOPMENT_TEAM = 2439SB94A8;
				ENABLE_HARDENED_RUNTIME = YES;
				ENABLE_PREVIEWS = YES;
				GENERATE_INFOPLIST_FILE = YES;
				"INFOPLIST_KEY_UIApplicationSceneManifest_Generation[sdk=iphoneos*]" = YES;
				"INFOPLIST_KEY_UIApplicationSceneManifest_Generation[sdk=iphonesimulator*]" = YES;
				"INFOPLIST_KEY_UIApplicationSupportsIndirectInputEvents[sdk=iphoneos*]" = YES;
				"INFOPLIST_KEY_UIApplicationSupportsIndirectInputEvents[sdk=iphonesimulator*]" = YES;
				"INFOPLIST_KEY_UILaunchScreen_Generation[sdk=iphoneos*]" = YES;
				"INFOPLIST_KEY_UILaunchScreen_Generation[sdk=iphonesimulator*]" = YES;
				"INFOPLIST_KEY_UIStatusBarStyle[sdk=iphoneos*]" = UIStatusBarStyleDefault;
				"INFOPLIST_KEY_UIStatusBarStyle[sdk=iphonesimulator*]" = UIStatusBarStyleDefault;
				INFOPLIST_KEY_UISupportedInterfaceOrientations_iPad = "UIInterfaceOrientationPortrait UIInterfaceOrientationPortraitUpsideDown UIInterfaceOrientationLandscapeLeft UIInterfaceOrientationLandscapeRight";
				INFOPLIST_KEY_UISupportedInterfaceOrientations_iPhone = "UIInterfaceOrientationPortrait UIInterfaceOrientationLandscapeLeft UIInterfaceOrientationLandscapeRight";
				IPHONEOS_DEPLOYMENT_TARGET = 17.5;
				LD_RUNPATH_SEARCH_PATHS = "@executable_path/Frameworks";
				"LD_RUNPATH_SEARCH_PATHS[sdk=macosx*]" = "@executable_path/../Frameworks";
				MACOSX_DEPLOYMENT_TARGET = 14.5;
				MARKETING_VERSION = 1.0;
				PRODUCT_BUNDLE_IDENTIFIER = "-8503049065-163.com.test-demo5";
				PRODUCT_NAME = "$(TARGET_NAME)";
				SDKROOT = auto;
				SUPPORTED_PLATFORMS = "iphoneos iphonesimulator macosx";
				SWIFT_EMIT_LOC_STRINGS = YES;
				SWIFT_VERSION = 5.0;
				TARGETED_DEVICE_FAMILY = "1,2";
			};
			name = Debug;
		};
		66AB6E012C5A36FD00961A35 /* Release */ = {
			isa = XCBuildConfiguration;
			buildSettings = {
				ASSETCATALOG_COMPILER_APPICON_NAME = AppIcon;
				ASSETCATALOG_COMPILER_GLOBAL_ACCENT_COLOR_NAME = AccentColor;
				CODE_SIGN_ENTITLEMENTS = "test demo5/test_demo5.entitlements";
				CODE_SIGN_STYLE = Automatic;
				CURRENT_PROJECT_VERSION = 1;
				DEVELOPMENT_ASSET_PATHS = "\"test demo5/Preview Content\"";
				DEVELOPMENT_TEAM = 2439SB94A8;
				ENABLE_HARDENED_RUNTIME = YES;
				ENABLE_PREVIEWS = YES;
				GENERATE_INFOPLIST_FILE = YES;
				"INFOPLIST_KEY_UIApplicationSceneManifest_Generation[sdk=iphoneos*]" = YES;
				"INFOPLIST_KEY_UIApplicationSceneManifest_Generation[sdk=iphonesimulator*]" = YES;
				"INFOPLIST_KEY_UIApplicationSupportsIndirectInputEvents[sdk=iphoneos*]" = YES;
				"INFOPLIST_KEY_UIApplicationSupportsIndirectInputEvents[sdk=iphonesimulator*]" = YES;
				"INFOPLIST_KEY_UILaunchScreen_Generation[sdk=iphoneos*]" = YES;
				"INFOPLIST_KEY_UILaunchScreen_Generation[sdk=iphonesimulator*]" = YES;
				"INFOPLIST_KEY_UIStatusBarStyle[sdk=iphoneos*]" = UIStatusBarStyleDefault;
				"INFOPLIST_KEY_UIStatusBarStyle[sdk=iphonesimulator*]" = UIStatusBarStyleDefault;
				INFOPLIST_KEY_UISupportedInterfaceOrientations_iPad = "UIInterfaceOrientationPortrait UIInterfaceOrientationPortraitUpsideDown UIInterfaceOrientationLandscapeLeft UIInterfaceOrientationLandscapeRight";
				INFOPLIST_KEY_UISupportedInterfaceOrientations_iPhone = "UIInterfaceOrientationPortrait UIInterfaceOrientationLandscapeLeft UIInterfaceOrientationLandscapeRight";
				IPHONEOS_DEPLOYMENT_TARGET = 17.5;
				LD_RUNPATH_SEARCH_PATHS = "@executable_path/Frameworks";
				"LD_RUNPATH_SEARCH_PATHS[sdk=macosx*]" = "@executable_path/../Frameworks";
				MACOSX_DEPLOYMENT_TARGET = 14.5;
				MARKETING_VERSION = 1.0;
				PRODUCT_BUNDLE_IDENTIFIER = "-8503049065-163.com.test-demo5";
				PRODUCT_NAME = "$(TARGET_NAME)";
				SDKROOT = auto;
				SUPPORTED_PLATFORMS = "iphoneos iphonesimulator macosx";
				SWIFT_EMIT_LOC_STRINGS = YES;
				SWIFT_VERSION = 5.0;
				TARGETED_DEVICE_FAMILY = "1,2";
			};
			name = Release;
		};
		66AB6E032C5A36FD00961A35 /* Debug */ = {
			isa = XCBuildConfiguration;
			buildSettings = {
				ALWAYS_EMBED_SWIFT_STANDARD_LIBRARIES = YES;
				BUNDLE_LOADER = "$(TEST_HOST)";
				CODE_SIGN_STYLE = Automatic;
				CURRENT_PROJECT_VERSION = 1;
				DEVELOPMENT_TEAM = 2439SB94A8;
				GENERATE_INFOPLIST_FILE = YES;
				IPHONEOS_DEPLOYMENT_TARGET = 17.5;
				MACOSX_DEPLOYMENT_TARGET = 14.5;
				MARKETING_VERSION = 1.0;
				PRODUCT_BUNDLE_IDENTIFIER = "-8503049065-163.com.test-demo5Tests";
				PRODUCT_NAME = "$(TARGET_NAME)";
				SDKROOT = auto;
				SUPPORTED_PLATFORMS = "iphoneos iphonesimulator macosx";
				SWIFT_EMIT_LOC_STRINGS = NO;
				SWIFT_VERSION = 5.0;
				TARGETED_DEVICE_FAMILY = "1,2";
				TEST_HOST = "$(BUILT_PRODUCTS_DIR)/test demo5.app/$(BUNDLE_EXECUTABLE_FOLDER_PATH)/test demo5";
			};
			name = Debug;
		};
		66AB6E042C5A36FD00961A35 /* Release */ = {
			isa = XCBuildConfiguration;
			buildSettings = {
				ALWAYS_EMBED_SWIFT_STANDARD_LIBRARIES = YES;
				BUNDLE_LOADER = "$(TEST_HOST)";
				CODE_SIGN_STYLE = Automatic;
				CURRENT_PROJECT_VERSION = 1;
				DEVELOPMENT_TEAM = 2439SB94A8;
				GENERATE_INFOPLIST_FILE = YES;
				IPHONEOS_DEPLOYMENT_TARGET = 17.5;
				MACOSX_DEPLOYMENT_TARGET = 14.5;
				MARKETING_VERSION = 1.0;
				PRODUCT_BUNDLE_IDENTIFIER = "-8503049065-163.com.test-demo5Tests";
				PRODUCT_NAME = "$(TARGET_NAME)";
				SDKROOT = auto;
				SUPPORTED_PLATFORMS = "iphoneos iphonesimulator macosx";
				SWIFT_EMIT_LOC_STRINGS = NO;
				SWIFT_VERSION = 5.0;
				TARGETED_DEVICE_FAMILY = "1,2";
				TEST_HOST = "$(BUILT_PRODUCTS_DIR)/test demo5.app/$(BUNDLE_EXECUTABLE_FOLDER_PATH)/test demo5";
			};
			name = Release;
		};
		66AB6E062C5A36FD00961A35 /* Debug */ = {
			isa = XCBuildConfiguration;
			buildSettings = {
				ALWAYS_EMBED_SWIFT_STANDARD_LIBRARIES = YES;
				CODE_SIGN_STYLE = Automatic;
				CURRENT_PROJECT_VERSION = 1;
				DEVELOPMENT_TEAM = 2439SB94A8;
				GENERATE_INFOPLIST_FILE = YES;
				IPHONEOS_DEPLOYMENT_TARGET = 17.5;
				MACOSX_DEPLOYMENT_TARGET = 14.5;
				MARKETING_VERSION = 1.0;
				PRODUCT_BUNDLE_IDENTIFIER = "-8503049065-163.com.test-demo5UITests";
				PRODUCT_NAME = "$(TARGET_NAME)";
				SDKROOT = auto;
				SUPPORTED_PLATFORMS = "iphoneos iphonesimulator macosx";
				SWIFT_EMIT_LOC_STRINGS = NO;
				SWIFT_VERSION = 5.0;
				TARGETED_DEVICE_FAMILY = "1,2";
				TEST_TARGET_NAME = "test demo5";
			};
			name = Debug;
		};
		66AB6E072C5A36FD00961A35 /* Release */ = {
			isa = XCBuildConfiguration;
			buildSettings = {
				ALWAYS_EMBED_SWIFT_STANDARD_LIBRARIES = YES;
				CODE_SIGN_STYLE = Automatic;
				CURRENT_PROJECT_VERSION = 1;
				DEVELOPMENT_TEAM = 2439SB94A8;
				GENERATE_INFOPLIST_FILE = YES;
				IPHONEOS_DEPLOYMENT_TARGET = 17.5;
				MACOSX_DEPLOYMENT_TARGET = 14.5;
				MARKETING_VERSION = 1.0;
				PRODUCT_BUNDLE_IDENTIFIER = "-8503049065-163.com.test-demo5UITests";
				PRODUCT_NAME = "$(TARGET_NAME)";
				SDKROOT = auto;
				SUPPORTED_PLATFORMS = "iphoneos iphonesimulator macosx";
				SWIFT_EMIT_LOC_STRINGS = NO;
				SWIFT_VERSION = 5.0;
				TARGETED_DEVICE_FAMILY = "1,2";
				TEST_TARGET_NAME = "test demo5";
			};
			name = Release;
		};
/* End XCBuildConfiguration section */

/* Begin XCConfigurationList section */
		66AB6DD52C5A36FC00961A35 /* Build configuration list for PBXProject "test demo5" */ = {
			isa = XCConfigurationList;
			buildConfigurations = (
				66AB6DFD2C5A36FD00961A35 /* Debug */,
				66AB6DFE2C5A36FD00961A35 /* Release */,
			);
			defaultConfigurationIsVisible = 0;
			defaultConfigurationName = Release;
		};
		66AB6DFF2C5A36FD00961A35 /* Build configuration list for PBXNativeTarget "test demo5" */ = {
			isa = XCConfigurationList;
			buildConfigurations = (
				66AB6E002C5A36FD00961A35 /* Debug */,
				66AB6E012C5A36FD00961A35 /* Release */,
			);
			defaultConfigurationIsVisible = 0;
			defaultConfigurationName = Release;
		};
		66AB6E022C5A36FD00961A35 /* Build configuration list for PBXNativeTarget "test demo5Tests" */ = {
			isa = XCConfigurationList;
			buildConfigurations = (
				66AB6E032C5A36FD00961A35 /* Debug */,
				66AB6E042C5A36FD00961A35 /* Release */,
			);
			defaultConfigurationIsVisible = 0;
			defaultConfigurationName = Release;
		};
		66AB6E052C5A36FD00961A35 /* Build configuration list for PBXNativeTarget "test demo5UITests" */ = {
			isa = XCConfigurationList;
			buildConfigurations = (
				66AB6E062C5A36FD00961A35 /* Debug */,
				66AB6E072C5A36FD00961A35 /* Release */,
			);
			defaultConfigurationIsVisible = 0;
			defaultConfigurationName = Release;
		};
/* End XCConfigurationList section */
	};
	rootObject = 66AB6DD22C5A36FC00961A35 /* Project object */;
}
